
Microsoft Visual Studio Solution File, Format Version 12.00
# Visual Studio 15
VisualStudioVersion = 15.0.26228.4
MinimumVisualStudioVersion = 10.0.40219.1
Project("{FAE04EC0-301F-11D3-BF4B-00C04F79EFBC}") = "LMcNally.Xamarin.MvpDemo.Presentation", "src\LMcNally.Xamarin.MvpDemo.Presentation\LMcNally.Xamarin.MvpDemo.Presentation.csproj", "{42EE11D4-C584-42A9-A7B9-C8AB972C759E}"
EndProject
Project("{FAE04EC0-301F-11D3-BF4B-00C04F79EFBC}") = "LMcNally.Xamarin.MvpDemo.Droid", "src\LMcNally.Xamarin.MvpDemo.Droid\LMcNally.Xamarin.MvpDemo.Droid.csproj", "{19729B28-83F9-4AF7-BCD5-46336FBA8F0D}"
EndProject
Global
	GlobalSection(SolutionConfigurationPlatforms) = preSolution
		Debug|Any CPU = Debug|Any CPU
		Release|Any CPU = Release|Any CPU
	EndGlobalSection
	GlobalSection(ProjectConfigurationPlatforms) = postSolution
		{42EE11D4-C584-42A9-A7B9-C8AB972C759E}.Debug|Any CPU.ActiveCfg = Debug|Any CPU
		{42EE11D4-C584-42A9-A7B9-C8AB972C759E}.Debug|Any CPU.Build.0 = Debug|Any CPU
		{42EE11D4-C584-42A9-A7B9-C8AB972C759E}.Release|Any CPU.ActiveCfg = Release|Any CPU
		{42EE11D4-C584-42A9-A7B9-C8AB972C759E}.Release|Any CPU.Build.0 = Release|Any CPU
		{19729B28-83F9-4AF7-BCD5-46336FBA8F0D}.Debug|Any CPU.ActiveCfg = Debug|Any CPU
		{19729B28-83F9-4AF7-BCD5-46336FBA8F0D}.Debug|Any CPU.Build.0 = Debug|Any CPU
		{19729B28-83F9-4AF7-BCD5-46336FBA8F0D}.Debug|Any CPU.Deploy.0 = Debug|Any CPU
		{19729B28-83F9-4AF7-BCD5-46336FBA8F0D}.Release|Any CPU.ActiveCfg = Release|Any CPU
		{19729B28-83F9-4AF7-BCD5-46336FBA8F0D}.Release|Any CPU.Build.0 = Release|Any CPU
		{19729B28-83F9-4AF7-BCD5-46336FBA8F0D}.Release|Any CPU.Deploy.0 = Release|Any CPU
	EndGlobalSection
	GlobalSection(SolutionProperties) = preSolution
		HideSolutionNode = FALSE
	EndGlobalSection
EndGlobal
